
Microsoft Visual Studio Solution File, Format Version 12.00
# Visual Studio Version 16
VisualStudioVersion = 16.0.31205.134
MinimumVisualStudioVersion = 10.0.40219.1
Project("{FAE04EC0-301F-11D3-BF4B-00C04F79EFBC}") = "Zaliczenie", "Zaliczenie\Zaliczenie.csproj", "{CED8EF8A-4D0B-4826-82D8-0379E3A99466}"
EndProject
Global
	GlobalSection(SolutionConfigurationPlatforms) = preSolution
		Debug|Any CPU = Debug|Any CPU
		Release|Any CPU = Release|Any CPU
	EndGlobalSection
	GlobalSection(ProjectConfigurationPlatforms) = postSolution
		{CED8EF8A-4D0B-4826-82D8-0379E3A99466}.Debug|Any CPU.ActiveCfg = Debug|Any CPU
		{CED8EF8A-4D0B-4826-82D8-0379E3A99466}.Debug|Any CPU.Build.0 = Debug|Any CPU
		{CED8EF8A-4D0B-4826-82D8-0379E3A99466}.Release|Any CPU.ActiveCfg = Release|Any CPU
		{CED8EF8A-4D0B-4826-82D8-0379E3A99466}.Release|Any CPU.Build.0 = Release|Any CPU
	EndGlobalSection
	GlobalSection(SolutionProperties) = preSolution
		HideSolutionNode = FALSE
	EndGlobalSection
	GlobalSection(ExtensibilityGlobals) = postSolution
		SolutionGuid = {061AA7A3-BC80-4512-B40A-45E5F909C0F3}
	EndGlobalSection
EndGlobal
